// !$*UTF8*$!
{
	archiveVersion = 1;
	classes = {
	};
	objectVersion = 60;
	objects = {

/* Begin PBXBuildFile section */
		630FC2DD2C2030FA00116F8F /* Graphic.swift in Sources */ = {isa = PBXBuildFile; fileRef = 630FC2DC2C2030F900116F8F /* Graphic.swift */; };
		630FC3002C20439000116F8F /* Canvas.swift in Sources */ = {isa = PBXBuildFile; fileRef = 630FC2FF2C20439000116F8F /* Canvas.swift */; };
		630FC3082C204CCF00116F8F /* Vector Layer.swift in Sources */ = {isa = PBXBuildFile; fileRef = 630FC3072C204CCF00116F8F /* Vector Layer.swift */; };
		630FC30A2C20528400116F8F /* Page.swift in Sources */ = {isa = PBXBuildFile; fileRef = 630FC3092C20528400116F8F /* Page.swift */; };
		630FC30D2C20607600116F8F /* Scrollable View.swift in Sources */ = {isa = PBXBuildFile; fileRef = 630FC30C2C20607600116F8F /* Scrollable View.swift */; };
		630FC30F2C2079AA00116F8F /* UTType.swift in Sources */ = {isa = PBXBuildFile; fileRef = 630FC30E2C2079AA00116F8F /* UTType.swift */; };
		630FC3112C207ACD00116F8F /* Migration Plan.swift in Sources */ = {isa = PBXBuildFile; fileRef = 630FC3102C207AB900116F8F /* Migration Plan.swift */; };
		630FC3132C207B0000116F8F /* Document.swift in Sources */ = {isa = PBXBuildFile; fileRef = 630FC3122C207B0000116F8F /* Document.swift */; };
		630FC3172C20C31000116F8F /* WFPoint.swift in Sources */ = {isa = PBXBuildFile; fileRef = 630FC3162C20C31000116F8F /* WFPoint.swift */; };
		630FC3192C20C3F300116F8F /* WFSize.swift in Sources */ = {isa = PBXBuildFile; fileRef = 630FC3182C20C3F300116F8F /* WFSize.swift */; };
		638442092C1DB1BC00F5B913 /* WhiteFlowApp.swift in Sources */ = {isa = PBXBuildFile; fileRef = 638442082C1DB1BC00F5B913 /* WhiteFlowApp.swift */; };
		6384420D2C1DB1BC00F5B913 /* ContentView.swift in Sources */ = {isa = PBXBuildFile; fileRef = 6384420C2C1DB1BC00F5B913 /* ContentView.swift */; };
		6384420F2C1DB1BF00F5B913 /* Assets.xcassets in Resources */ = {isa = PBXBuildFile; fileRef = 6384420E2C1DB1BF00F5B913 /* Assets.xcassets */; };
/* End PBXBuildFile section */

/* Begin PBXFileReference section */
		630FC2DC2C2030F900116F8F /* Graphic.swift */ = {isa = PBXFileReference; lastKnownFileType = sourcecode.swift; path = Graphic.swift; sourceTree = "<group>"; };
		630FC2FF2C20439000116F8F /* Canvas.swift */ = {isa = PBXFileReference; lastKnownFileType = sourcecode.swift; path = Canvas.swift; sourceTree = "<group>"; };
		630FC3072C204CCF00116F8F /* Vector Layer.swift */ = {isa = PBXFileReference; lastKnownFileType = sourcecode.swift; path = "Vector Layer.swift"; sourceTree = "<group>"; };
		630FC3092C20528400116F8F /* Page.swift */ = {isa = PBXFileReference; lastKnownFileType = sourcecode.swift; path = Page.swift; sourceTree = "<group>"; };
		630FC30C2C20607600116F8F /* Scrollable View.swift */ = {isa = PBXFileReference; lastKnownFileType = sourcecode.swift; path = "Scrollable View.swift"; sourceTree = "<group>"; };
		630FC30E2C2079AA00116F8F /* UTType.swift */ = {isa = PBXFileReference; lastKnownFileType = sourcecode.swift; path = UTType.swift; sourceTree = "<group>"; };
		630FC3102C207AB900116F8F /* Migration Plan.swift */ = {isa = PBXFileReference; lastKnownFileType = sourcecode.swift; path = "Migration Plan.swift"; sourceTree = "<group>"; };
		630FC3122C207B0000116F8F /* Document.swift */ = {isa = PBXFileReference; lastKnownFileType = sourcecode.swift; path = Document.swift; sourceTree = "<group>"; };
		630FC3162C20C31000116F8F /* WFPoint.swift */ = {isa = PBXFileReference; lastKnownFileType = sourcecode.swift; path = WFPoint.swift; sourceTree = "<group>"; };
		630FC3182C20C3F300116F8F /* WFSize.swift */ = {isa = PBXFileReference; lastKnownFileType = sourcecode.swift; path = WFSize.swift; sourceTree = "<group>"; };
		638442052C1DB1BB00F5B913 /* WhiteFlow.app */ = {isa = PBXFileReference; explicitFileType = wrapper.application; includeInIndex = 0; path = WhiteFlow.app; sourceTree = BUILT_PRODUCTS_DIR; };
		638442082C1DB1BC00F5B913 /* WhiteFlowApp.swift */ = {isa = PBXFileReference; lastKnownFileType = sourcecode.swift; path = WhiteFlowApp.swift; sourceTree = "<group>"; };
		6384420C2C1DB1BC00F5B913 /* ContentView.swift */ = {isa = PBXFileReference; lastKnownFileType = sourcecode.swift; path = ContentView.swift; sourceTree = "<group>"; };
		6384420E2C1DB1BF00F5B913 /* Assets.xcassets */ = {isa = PBXFileReference; lastKnownFileType = folder.assetcatalog; path = Assets.xcassets; sourceTree = "<group>"; };
		638442102C1DB1BF00F5B913 /* Info.plist */ = {isa = PBXFileReference; lastKnownFileType = text.plist.xml; path = Info.plist; sourceTree = "<group>"; };
		638442112C1DB1BF00F5B913 /* WhiteFlow.entitlements */ = {isa = PBXFileReference; lastKnownFileType = text.plist.entitlements; path = WhiteFlow.entitlements; sourceTree = "<group>"; };
/* End PBXFileReference section */

/* Begin PBXFrameworksBuildPhase section */
		638442022C1DB1BB00F5B913 /* Frameworks */ = {
			isa = PBXFrameworksBuildPhase;
			buildActionMask = 2147483647;
			files = (
			);
			runOnlyForDeploymentPostprocessing = 0;
		};
/* End PBXFrameworksBuildPhase section */

/* Begin PBXGroup section */
		630FC2DB2C2030D500116F8F /* Models */ = {
			isa = PBXGroup;
			children = (
				630FC3152C20C30400116F8F /* Types */,
				630FC3022C204AE000116F8F /* Vector */,
				630FC3012C204ADB00116F8F /* Raster */,
				630FC2DC2C2030F900116F8F /* Graphic.swift */,
				630FC2FF2C20439000116F8F /* Canvas.swift */,
				630FC3092C20528400116F8F /* Page.swift */,
				630FC3122C207B0000116F8F /* Document.swift */,
				630FC3102C207AB900116F8F /* Migration Plan.swift */,
			);
			path = Models;
			sourceTree = "<group>";
		};
		630FC2DE2C20323000116F8F /* Views */ = {
			isa = PBXGroup;
			children = (
				6384420C2C1DB1BC00F5B913 /* ContentView.swift */,
			);
			path = Views;
			sourceTree = "<group>";
		};
		630FC3012C204ADB00116F8F /* Raster */ = {
			isa = PBXGroup;
			children = (
			);
			path = Raster;
			sourceTree = "<group>";
		};
		630FC3022C204AE000116F8F /* Vector */ = {
			isa = PBXGroup;
			children = (
				630FC3072C204CCF00116F8F /* Vector Layer.swift */,
			);
			path = Vector;
			sourceTree = "<group>";
		};
		630FC30B2C20605800116F8F /* Helpers */ = {
			isa = PBXGroup;
			children = (
				630FC30C2C20607600116F8F /* Scrollable View.swift */,
				630FC30E2C2079AA00116F8F /* UTType.swift */,
			);
			path = Helpers;
			sourceTree = "<group>";
		};
		630FC3152C20C30400116F8F /* Types */ = {
			isa = PBXGroup;
			children = (
				630FC3162C20C31000116F8F /* WFPoint.swift */,
				630FC3182C20C3F300116F8F /* WFSize.swift */,
			);
			path = Types;
			sourceTree = "<group>";
		};
		638441FC2C1DB1BB00F5B913 = {
			isa = PBXGroup;
			children = (
				638442072C1DB1BC00F5B913 /* WhiteFlow */,
				638442062C1DB1BB00F5B913 /* Products */,
			);
			sourceTree = "<group>";
		};
		638442062C1DB1BB00F5B913 /* Products */ = {
			isa = PBXGroup;
			children = (
				638442052C1DB1BB00F5B913 /* WhiteFlow.app */,
			);
			name = Products;
			sourceTree = "<group>";
		};
		638442072C1DB1BC00F5B913 /* WhiteFlow */ = {
			isa = PBXGroup;
			children = (
				630FC2DE2C20323000116F8F /* Views */,
				630FC2DB2C2030D500116F8F /* Models */,
				630FC30B2C20605800116F8F /* Helpers */,
				6384421D2C1E31CA00F5B913 /* Resources */,
			);
			path = WhiteFlow;
			sourceTree = "<group>";
		};
		6384421D2C1E31CA00F5B913 /* Resources */ = {
			isa = PBXGroup;
			children = (
				638442082C1DB1BC00F5B913 /* WhiteFlowApp.swift */,
				638442102C1DB1BF00F5B913 /* Info.plist */,
				638442112C1DB1BF00F5B913 /* WhiteFlow.entitlements */,
				6384420E2C1DB1BF00F5B913 /* Assets.xcassets */,
				6384421E2C1E327A00F5B913 /* Preview Content */,
			);
			path = Resources;
			sourceTree = "<group>";
		};
		6384421E2C1E327A00F5B913 /* Preview Content */ = {
			isa = PBXGroup;
			children = (
			);
			path = "Preview Content";
			sourceTree = "<group>";
		};
/* End PBXGroup section */

/* Begin PBXNativeTarget section */
		638442042C1DB1BB00F5B913 /* WhiteFlow */ = {
			isa = PBXNativeTarget;
			buildConfigurationList = 638442172C1DB1BF00F5B913 /* Build configuration list for PBXNativeTarget "WhiteFlow" */;
			buildPhases = (
				638442012C1DB1BB00F5B913 /* Sources */,
				638442022C1DB1BB00F5B913 /* Frameworks */,
				638442032C1DB1BB00F5B913 /* Resources */,
			);
			buildRules = (
			);
			dependencies = (
			);
			name = WhiteFlow;
			productName = WhiteFlow;
			productReference = 638442052C1DB1BB00F5B913 /* WhiteFlow.app */;
			productType = "com.apple.product-type.application";
		};
/* End PBXNativeTarget section */

/* Begin PBXProject section */
		638441FD2C1DB1BB00F5B913 /* Project object */ = {
			isa = PBXProject;
			attributes = {
				BuildIndependentTargetsInParallel = 1;
				LastSwiftUpdateCheck = 1600;
				LastUpgradeCheck = 1600;
				TargetAttributes = {
					638442042C1DB1BB00F5B913 = {
						CreatedOnToolsVersion = 16.0;
					};
				};
			};
			buildConfigurationList = 638442002C1DB1BB00F5B913 /* Build configuration list for PBXProject "WhiteFlow" */;
			compatibilityVersion = "Xcode 15.0";
			developmentRegion = en;
			hasScannedForEncodings = 0;
			knownRegions = (
				en,
				Base,
			);
			mainGroup = 638441FC2C1DB1BB00F5B913;
			productRefGroup = 638442062C1DB1BB00F5B913 /* Products */;
			projectDirPath = "";
			projectRoot = "";
			targets = (
				638442042C1DB1BB00F5B913 /* WhiteFlow */,
			);
		};
/* End PBXProject section */

/* Begin PBXResourcesBuildPhase section */
		638442032C1DB1BB00F5B913 /* Resources */ = {
			isa = PBXResourcesBuildPhase;
			buildActionMask = 2147483647;
			files = (
				6384420F2C1DB1BF00F5B913 /* Assets.xcassets in Resources */,
			);
			runOnlyForDeploymentPostprocessing = 0;
		};
/* End PBXResourcesBuildPhase section */

/* Begin PBXSourcesBuildPhase section */
		638442012C1DB1BB00F5B913 /* Sources */ = {
			isa = PBXSourcesBuildPhase;
			buildActionMask = 2147483647;
			files = (
				630FC30F2C2079AA00116F8F /* UTType.swift in Sources */,
				638442092C1DB1BC00F5B913 /* WhiteFlowApp.swift in Sources */,
				630FC2DD2C2030FA00116F8F /* Graphic.swift in Sources */,
				630FC3132C207B0000116F8F /* Document.swift in Sources */,
				630FC3082C204CCF00116F8F /* Vector Layer.swift in Sources */,
				630FC30A2C20528400116F8F /* Page.swift in Sources */,
				630FC3002C20439000116F8F /* Canvas.swift in Sources */,
				630FC3192C20C3F300116F8F /* WFSize.swift in Sources */,
				630FC30D2C20607600116F8F /* Scrollable View.swift in Sources */,
				630FC3112C207ACD00116F8F /* Migration Plan.swift in Sources */,
				6384420D2C1DB1BC00F5B913 /* ContentView.swift in Sources */,
				630FC3172C20C31000116F8F /* WFPoint.swift in Sources */,
			);
			runOnlyForDeploymentPostprocessing = 0;
		};
/* End PBXSourcesBuildPhase section */

/* Begin XCBuildConfiguration section */
		638442152C1DB1BF00F5B913 /* Debug */ = {
			isa = XCBuildConfiguration;
			buildSettings = {
				ALWAYS_SEARCH_USER_PATHS = NO;
				ASSETCATALOG_COMPILER_GENERATE_SWIFT_ASSET_SYMBOL_EXTENSIONS = YES;
				CLANG_ANALYZER_NONNULL = YES;
				CLANG_ANALYZER_NUMBER_OBJECT_CONVERSION = YES_AGGRESSIVE;
				CLANG_CXX_LANGUAGE_STANDARD = "gnu++20";
				CLANG_ENABLE_MODULES = YES;
				CLANG_ENABLE_OBJC_ARC = YES;
				CLANG_ENABLE_OBJC_WEAK = YES;
				CLANG_WARN_BLOCK_CAPTURE_AUTORELEASING = YES;
				CLANG_WARN_BOOL_CONVERSION = YES;
				CLANG_WARN_COMMA = YES;
				CLANG_WARN_CONSTANT_CONVERSION = YES;
				CLANG_WARN_DEPRECATED_OBJC_IMPLEMENTATIONS = YES;
				CLANG_WARN_DIRECT_OBJC_ISA_USAGE = YES_ERROR;
				CLANG_WARN_DOCUMENTATION_COMMENTS = YES;
				CLANG_WARN_EMPTY_BODY = YES;
				CLANG_WARN_ENUM_CONVERSION = YES;
				CLANG_WARN_INFINITE_RECURSION = YES;
				CLANG_WARN_INT_CONVERSION = YES;
				CLANG_WARN_NON_LITERAL_NULL_CONVERSION = YES;
				CLANG_WARN_OBJC_IMPLICIT_RETAIN_SELF = YES;
				CLANG_WARN_OBJC_LITERAL_CONVERSION = YES;
				CLANG_WARN_OBJC_ROOT_CLASS = YES_ERROR;
				CLANG_WARN_QUOTED_INCLUDE_IN_FRAMEWORK_HEADER = YES;
				CLANG_WARN_RANGE_LOOP_ANALYSIS = YES;
				CLANG_WARN_STRICT_PROTOTYPES = YES;
				CLANG_WARN_SUSPICIOUS_MOVE = YES;
				CLANG_WARN_UNGUARDED_AVAILABILITY = YES_AGGRESSIVE;
				CLANG_WARN_UNREACHABLE_CODE = YES;
				CLANG_WARN__DUPLICATE_METHOD_MATCH = YES;
				COPY_PHASE_STRIP = NO;
				DEBUG_INFORMATION_FORMAT = dwarf;
				ENABLE_STRICT_OBJC_MSGSEND = YES;
				ENABLE_TESTABILITY = YES;
				ENABLE_USER_SCRIPT_SANDBOXING = YES;
				GCC_C_LANGUAGE_STANDARD = gnu17;
				GCC_DYNAMIC_NO_PIC = NO;
				GCC_NO_COMMON_BLOCKS = YES;
				GCC_OPTIMIZATION_LEVEL = 0;
				GCC_PREPROCESSOR_DEFINITIONS = (
					"DEBUG=1",
					"$(inherited)",
				);
				GCC_WARN_64_TO_32_BIT_CONVERSION = YES;
				GCC_WARN_ABOUT_RETURN_TYPE = YES_ERROR;
				GCC_WARN_UNDECLARED_SELECTOR = YES;
				GCC_WARN_UNINITIALIZED_AUTOS = YES_AGGRESSIVE;
				GCC_WARN_UNUSED_FUNCTION = YES;
				GCC_WARN_UNUSED_VARIABLE = YES;
				LOCALIZATION_PREFERS_STRING_CATALOGS = YES;
				MTL_ENABLE_DEBUG_INFO = INCLUDE_SOURCE;
				MTL_FAST_MATH = YES;
				ONLY_ACTIVE_ARCH = YES;
				SWIFT_ACTIVE_COMPILATION_CONDITIONS = "DEBUG $(inherited)";
				SWIFT_OPTIMIZATION_LEVEL = "-Onone";
			};
			name = Debug;
		};
		638442162C1DB1BF00F5B913 /* Release */ = {
			isa = XCBuildConfiguration;
			buildSettings = {
				ALWAYS_SEARCH_USER_PATHS = NO;
				ASSETCATALOG_COMPILER_GENERATE_SWIFT_ASSET_SYMBOL_EXTENSIONS = YES;
				CLANG_ANALYZER_NONNULL = YES;
				CLANG_ANALYZER_NUMBER_OBJECT_CONVERSION = YES_AGGRESSIVE;
				CLANG_CXX_LANGUAGE_STANDARD = "gnu++20";
				CLANG_ENABLE_MODULES = YES;
				CLANG_ENABLE_OBJC_ARC = YES;
				CLANG_ENABLE_OBJC_WEAK = YES;
				CLANG_WARN_BLOCK_CAPTURE_AUTORELEASING = YES;
				CLANG_WARN_BOOL_CONVERSION = YES;
				CLANG_WARN_COMMA = YES;
				CLANG_WARN_CONSTANT_CONVERSION = YES;
				CLANG_WARN_DEPRECATED_OBJC_IMPLEMENTATIONS = YES;
				CLANG_WARN_DIRECT_OBJC_ISA_USAGE = YES_ERROR;
				CLANG_WARN_DOCUMENTATION_COMMENTS = YES;
				CLANG_WARN_EMPTY_BODY = YES;
				CLANG_WARN_ENUM_CONVERSION = YES;
				CLANG_WARN_INFINITE_RECURSION = YES;
				CLANG_WARN_INT_CONVERSION = YES;
				CLANG_WARN_NON_LITERAL_NULL_CONVERSION = YES;
				CLANG_WARN_OBJC_IMPLICIT_RETAIN_SELF = YES;
				CLANG_WARN_OBJC_LITERAL_CONVERSION = YES;
				CLANG_WARN_OBJC_ROOT_CLASS = YES_ERROR;
				CLANG_WARN_QUOTED_INCLUDE_IN_FRAMEWORK_HEADER = YES;
				CLANG_WARN_RANGE_LOOP_ANALYSIS = YES;
				CLANG_WARN_STRICT_PROTOTYPES = YES;
				CLANG_WARN_SUSPICIOUS_MOVE = YES;
				CLANG_WARN_UNGUARDED_AVAILABILITY = YES_AGGRESSIVE;
				CLANG_WARN_UNREACHABLE_CODE = YES;
				CLANG_WARN__DUPLICATE_METHOD_MATCH = YES;
				COPY_PHASE_STRIP = NO;
				DEBUG_INFORMATION_FORMAT = "dwarf-with-dsym";
				ENABLE_NS_ASSERTIONS = NO;
				ENABLE_STRICT_OBJC_MSGSEND = YES;
				ENABLE_USER_SCRIPT_SANDBOXING = YES;
				GCC_C_LANGUAGE_STANDARD = gnu17;
				GCC_NO_COMMON_BLOCKS = YES;
				GCC_WARN_64_TO_32_BIT_CONVERSION = YES;
				GCC_WARN_ABOUT_RETURN_TYPE = YES_ERROR;
				GCC_WARN_UNDECLARED_SELECTOR = YES;
				GCC_WARN_UNINITIALIZED_AUTOS = YES_AGGRESSIVE;
				GCC_WARN_UNUSED_FUNCTION = YES;
				GCC_WARN_UNUSED_VARIABLE = YES;
				LOCALIZATION_PREFERS_STRING_CATALOGS = YES;
				MTL_ENABLE_DEBUG_INFO = NO;
				MTL_FAST_MATH = YES;
				SWIFT_COMPILATION_MODE = wholemodule;
			};
			name = Release;
		};
		638442182C1DB1BF00F5B913 /* Debug */ = {
			isa = XCBuildConfiguration;
			buildSettings = {
				ASSETCATALOG_COMPILER_APPICON_NAME = AppIcon;
				ASSETCATALOG_COMPILER_GLOBAL_ACCENT_COLOR_NAME = AccentColor;
				CODE_SIGN_ENTITLEMENTS = WhiteFlow/Resources/WhiteFlow.entitlements;
				"CODE_SIGN_IDENTITY[sdk=macosx*]" = "Apple Development";
				CODE_SIGN_STYLE = Automatic;
				CURRENT_PROJECT_VERSION = 1;
				DEVELOPMENT_ASSET_PATHS = "\"WhiteFlow/Resources/Preview Content\"";
				DEVELOPMENT_TEAM = XW6LRWG87C;
				ENABLE_HARDENED_RUNTIME = YES;
				ENABLE_PREVIEWS = YES;
				GENERATE_INFOPLIST_FILE = YES;
				INFOPLIST_FILE = WhiteFlow/Resources/Info.plist;
				"INFOPLIST_KEY_UIApplicationSceneManifest_Generation[sdk=iphoneos*]" = YES;
				"INFOPLIST_KEY_UIApplicationSceneManifest_Generation[sdk=iphonesimulator*]" = YES;
				"INFOPLIST_KEY_UIApplicationSupportsIndirectInputEvents[sdk=iphoneos*]" = YES;
				"INFOPLIST_KEY_UIApplicationSupportsIndirectInputEvents[sdk=iphonesimulator*]" = YES;
				"INFOPLIST_KEY_UILaunchScreen_Generation[sdk=iphoneos*]" = YES;
				"INFOPLIST_KEY_UILaunchScreen_Generation[sdk=iphonesimulator*]" = YES;
				"INFOPLIST_KEY_UIStatusBarStyle[sdk=iphoneos*]" = UIStatusBarStyleDefault;
				"INFOPLIST_KEY_UIStatusBarStyle[sdk=iphonesimulator*]" = UIStatusBarStyleDefault;
				INFOPLIST_KEY_UISupportedInterfaceOrientations_iPad = "UIInterfaceOrientationPortrait UIInterfaceOrientationPortraitUpsideDown UIInterfaceOrientationLandscapeLeft UIInterfaceOrientationLandscapeRight";
				INFOPLIST_KEY_UISupportedInterfaceOrientations_iPhone = "UIInterfaceOrientationPortrait UIInterfaceOrientationLandscapeLeft UIInterfaceOrientationLandscapeRight";
				"INFOPLIST_KEY_UISupportsDocumentBrowser[sdk=iphoneos*]" = YES;
				"INFOPLIST_KEY_UISupportsDocumentBrowser[sdk=iphonesimulator*]" = YES;
				IPHONEOS_DEPLOYMENT_TARGET = 18.0;
				LD_RUNPATH_SEARCH_PATHS = "@executable_path/Frameworks";
				"LD_RUNPATH_SEARCH_PATHS[sdk=macosx*]" = "@executable_path/../Frameworks";
				MACOSX_DEPLOYMENT_TARGET = 15.0;
				MARKETING_VERSION = 1.0;
				PRODUCT_BUNDLE_IDENTIFIER = com.whiteflowapp.whiteflow;
				PRODUCT_NAME = "$(TARGET_NAME)";
				SDKROOT = auto;
				SUPPORTED_PLATFORMS = "iphoneos iphonesimulator macosx";
				SUPPORTS_MACCATALYST = NO;
				SWIFT_EMIT_LOC_STRINGS = YES;
				SWIFT_VERSION = 5.0;
				TARGETED_DEVICE_FAMILY = "1,2";
				XROS_DEPLOYMENT_TARGET = 2.0;
			};
			name = Debug;
		};
		638442192C1DB1BF00F5B913 /* Release */ = {
			isa = XCBuildConfiguration;
			buildSettings = {
				ASSETCATALOG_COMPILER_APPICON_NAME = AppIcon;
				ASSETCATALOG_COMPILER_GLOBAL_ACCENT_COLOR_NAME = AccentColor;
				CODE_SIGN_ENTITLEMENTS = WhiteFlow/Resources/WhiteFlow.entitlements;
				"CODE_SIGN_IDENTITY[sdk=macosx*]" = "Apple Development";
				CODE_SIGN_STYLE = Automatic;
				CURRENT_PROJECT_VERSION = 1;
				DEVELOPMENT_ASSET_PATHS = "\"WhiteFlow/Resources/Preview Content\"";
				DEVELOPMENT_TEAM = XW6LRWG87C;
				ENABLE_HARDENED_RUNTIME = YES;
				ENABLE_PREVIEWS = YES;
				GENERATE_INFOPLIST_FILE = YES;
				INFOPLIST_FILE = WhiteFlow/Resources/Info.plist;
				"INFOPLIST_KEY_UIApplicationSceneManifest_Generation[sdk=iphoneos*]" = YES;
				"INFOPLIST_KEY_UIApplicationSceneManifest_Generation[sdk=iphonesimulator*]" = YES;
				"INFOPLIST_KEY_UIApplicationSupportsIndirectInputEvents[sdk=iphoneos*]" = YES;
				"INFOPLIST_KEY_UIApplicationSupportsIndirectInputEvents[sdk=iphonesimulator*]" = YES;
				"INFOPLIST_KEY_UILaunchScreen_Generation[sdk=iphoneos*]" = YES;
				"INFOPLIST_KEY_UILaunchScreen_Generation[sdk=iphonesimulator*]" = YES;
				"INFOPLIST_KEY_UIStatusBarStyle[sdk=iphoneos*]" = UIStatusBarStyleDefault;
				"INFOPLIST_KEY_UIStatusBarStyle[sdk=iphonesimulator*]" = UIStatusBarStyleDefault;
				INFOPLIST_KEY_UISupportedInterfaceOrientations_iPad = "UIInterfaceOrientationPortrait UIInterfaceOrientationPortraitUpsideDown UIInterfaceOrientationLandscapeLeft UIInterfaceOrientationLandscapeRight";
				INFOPLIST_KEY_UISupportedInterfaceOrientations_iPhone = "UIInterfaceOrientationPortrait UIInterfaceOrientationLandscapeLeft UIInterfaceOrientationLandscapeRight";
				"INFOPLIST_KEY_UISupportsDocumentBrowser[sdk=iphoneos*]" = YES;
				"INFOPLIST_KEY_UISupportsDocumentBrowser[sdk=iphonesimulator*]" = YES;
				IPHONEOS_DEPLOYMENT_TARGET = 18.0;
				LD_RUNPATH_SEARCH_PATHS = "@executable_path/Frameworks";
				"LD_RUNPATH_SEARCH_PATHS[sdk=macosx*]" = "@executable_path/../Frameworks";
				MACOSX_DEPLOYMENT_TARGET = 15.0;
				MARKETING_VERSION = 1.0;
				PRODUCT_BUNDLE_IDENTIFIER = com.whiteflowapp.whiteflow;
				PRODUCT_NAME = "$(TARGET_NAME)";
				SDKROOT = auto;
				SUPPORTED_PLATFORMS = "iphoneos iphonesimulator macosx";
				SUPPORTS_MACCATALYST = NO;
				SWIFT_EMIT_LOC_STRINGS = YES;
				SWIFT_VERSION = 5.0;
				TARGETED_DEVICE_FAMILY = "1,2";
				XROS_DEPLOYMENT_TARGET = 2.0;
			};
			name = Release;
		};
/* End XCBuildConfiguration section */

/* Begin XCConfigurationList section */
		638442002C1DB1BB00F5B913 /* Build configuration list for PBXProject "WhiteFlow" */ = {
			isa = XCConfigurationList;
			buildConfigurations = (
				638442152C1DB1BF00F5B913 /* Debug */,
				638442162C1DB1BF00F5B913 /* Release */,
			);
			defaultConfigurationIsVisible = 0;
			defaultConfigurationName = Release;
		};
		638442172C1DB1BF00F5B913 /* Build configuration list for PBXNativeTarget "WhiteFlow" */ = {
			isa = XCConfigurationList;
			buildConfigurations = (
				638442182C1DB1BF00F5B913 /* Debug */,
				638442192C1DB1BF00F5B913 /* Release */,
			);
			defaultConfigurationIsVisible = 0;
			defaultConfigurationName = Release;
		};
/* End XCConfigurationList section */
	};
	rootObject = 638441FD2C1DB1BB00F5B913 /* Project object */;
}
